
Microsoft Visual Studio Solution File, Format Version 12.00
# Visual Studio Version 16
VisualStudioVersion = 16.0.29519.181
MinimumVisualStudioVersion = 10.0.40219.1
Project("{FAE04EC0-301F-11D3-BF4B-00C04F79EFBC}") = "AzureWebKR", "AzureWebKR.csproj", "{0D457F78-95B6-4097-9B54-00A07F430A59}"
EndProject
Global
	GlobalSection(SolutionConfigurationPlatforms) = preSolution
		Debug|Any CPU = Debug|Any CPU
		Release|Any CPU = Release|Any CPU
	EndGlobalSection
	GlobalSection(ProjectConfigurationPlatforms) = postSolution
		{0D457F78-95B6-4097-9B54-00A07F430A59}.Debug|Any CPU.ActiveCfg = Debug|Any CPU
		{0D457F78-95B6-4097-9B54-00A07F430A59}.Debug|Any CPU.Build.0 = Debug|Any CPU
		{0D457F78-95B6-4097-9B54-00A07F430A59}.Release|Any CPU.ActiveCfg = Release|Any CPU
		{0D457F78-95B6-4097-9B54-00A07F430A59}.Release|Any CPU.Build.0 = Release|Any CPU
	EndGlobalSection
	GlobalSection(SolutionProperties) = preSolution
		HideSolutionNode = FALSE
	EndGlobalSection
	GlobalSection(ExtensibilityGlobals) = postSolution
		SolutionGuid = {5676316C-B7BB-43D2-B142-B287D7F5994B}
	EndGlobalSection
EndGlobal
